<?xml version="1.0" encoding="utf-8"?>
<Project ToolsVersion="4.0" xmlns="http://schemas.microsoft.com/developer/msbuild/2003">
  <ItemGroup>
    <Filter Include="Source Files">
      <UniqueIdentifier>{4FC737F1-C7A5-4376-A066-2A32D752A2FF}</UniqueIdentifier>
      <Extensions>cpp;c;cc;cxx;def;odl;idl;hpj;bat;asm;asmx</Extensions>
    </Filter>
    <Filter Include="Header Files">
      <UniqueIdentifier>{93995380-89BD-4b04-88EB-625FBE52EBFB}</UniqueIdentifier>
      <Extensions>h;hh;hpp;hxx;hm;inl;inc;xsd</Extensions>
    </Filter>
    <Filter Include="Resource Files">
      <UniqueIdentifier>{67DA6AB6-F800-4c08-8B7A-83BB121AAD01}</UniqueIdentifier>
      <Extensions>rc;ico;cur;bmp;dlg;rc2;rct;bin;rgs;gif;jpg;jpeg;jpe;resx;tiff;tif;png;wav;mfcribbon-ms</Extensions>
    </Filter>
    <Filter Include="Header Files\Test">
      <UniqueIdentifier>{9b8fb928-6a45-4007-960a-53b08fb83eba}</UniqueIdentifier>
    </Filter>
  </ItemGroup>
  <ItemGroup>
    <ClInclude Include="stdafx.h">
      <Filter>Header Files</Filter>
    </ClInclude>
    <ClInclude Include="targetver.h">
      <Filter>Header Files</Filter>
    </ClInclude>
    <ClInclude Include="include\ACL\Transport\DownchannelHandler.h">
      <Filter>Header Files</Filter>
    </ClInclude>
    <ClInclude Include="include\ACL\Transport\ExchangeHandler.h">
      <Filter>Header Files</Filter>
    </ClInclude>
    <ClInclude Include="include\ACL\Transport\ExchangeHandlerContextInterface.h">
      <Filter>Header Files</Filter>
    </ClInclude>
    <ClInclude Include="include\ACL\Transport\HTTP2Transport.h">
      <Filter>Header Files</Filter>
    </ClInclude>
    <ClInclude Include="include\ACL\Transport\HTTP2TransportFactory.h">
      <Filter>Header Files</Filter>
    </ClInclude>
    <ClInclude Include="include\ACL\Transport\MessageConsumerInterface.h">
      <Filter>Header Files</Filter>
    </ClInclude>
    <ClInclude Include="include\ACL\Transport\MessageRequestHandler.h">
      <Filter>Header Files</Filter>
    </ClInclude>
    <ClInclude Include="include\ACL\Transport\MessageRouter.h">
      <Filter>Header Files</Filter>
    </ClInclude>
    <ClInclude Include="include\ACL\Transport\MessageRouterInterface.h">
      <Filter>Header Files</Filter>
    </ClInclude>
    <ClInclude Include="include\ACL\Transport\MessageRouterObserverInterface.h">
      <Filter>Header Files</Filter>
    </ClInclude>
    <ClInclude Include="include\ACL\Transport\MimeResponseSink.h">
      <Filter>Header Files</Filter>
    </ClInclude>
    <ClInclude Include="include\ACL\Transport\MimeResponseStatusHandlerInterface.h">
      <Filter>Header Files</Filter>
    </ClInclude>
    <ClInclude Include="include\ACL\Transport\PingHandler.h">
      <Filter>Header Files</Filter>
    </ClInclude>
    <ClInclude Include="include\ACL\Transport\PostConnectFactoryInterface.h">
      <Filter>Header Files</Filter>
    </ClInclude>
    <ClInclude Include="include\ACL\Transport\PostConnectInterface.h">
      <Filter>Header Files</Filter>
    </ClInclude>
    <ClInclude Include="include\ACL\Transport\PostConnectObserverInterface.h">
      <Filter>Header Files</Filter>
    </ClInclude>
    <ClInclude Include="include\ACL\Transport\PostConnectSendMessageInterface.h">
      <Filter>Header Files</Filter>
    </ClInclude>
    <ClInclude Include="include\ACL\Transport\PostConnectSynchronizer.h">
      <Filter>Header Files</Filter>
    </ClInclude>
    <ClInclude Include="include\ACL\Transport\PostConnectSynchronizerFactory.h">
      <Filter>Header Files</Filter>
    </ClInclude>
    <ClInclude Include="include\ACL\Transport\TransportDefines.h">
      <Filter>Header Files</Filter>
    </ClInclude>
    <ClInclude Include="include\ACL\Transport\TransportFactoryInterface.h">
      <Filter>Header Files</Filter>
    </ClInclude>
    <ClInclude Include="include\ACL\Transport\TransportInterface.h">
      <Filter>Header Files</Filter>
    </ClInclude>
    <ClInclude Include="include\ACL\Transport\TransportObserverInterface.h">
      <Filter>Header Files</Filter>
    </ClInclude>
    <ClInclude Include="include\ACL\AVSConnectionManager.h">
      <Filter>Header Files</Filter>
    </ClInclude>
    <ClInclude Include="include\ADSL\DirectiveProcessor.h">
      <Filter>Header Files</Filter>
    </ClInclude>
    <ClInclude Include="include\ADSL\DirectiveRouter.h">
      <Filter>Header Files</Filter>
    </ClInclude>
    <ClInclude Include="include\ADSL\DirectiveSequencer.h">
      <Filter>Header Files</Filter>
    </ClInclude>
    <ClInclude Include="include\ADSL\MessageInterpreter.h">
      <Filter>Header Files</Filter>
    </ClInclude>
    <ClInclude Include="include\AFML\ActivityTrackerInterface.h">
      <Filter>Header Files</Filter>
    </ClInclude>
    <ClInclude Include="include\AFML\AudioActivityTracker.h">
      <Filter>Header Files</Filter>
    </ClInclude>
    <ClInclude Include="include\AFML\Channel.h">
      <Filter>Header Files</Filter>
    </ClInclude>
    <ClInclude Include="include\AFML\FocusManager.h">
      <Filter>Header Files</Filter>
    </ClInclude>
    <ClInclude Include="include\AFML\VisualActivityTracker.h">
      <Filter>Header Files</Filter>
    </ClInclude>
    <ClInclude Include="include\AIP\ASRProfile.h">
      <Filter>Header Files</Filter>
    </ClInclude>
    <ClInclude Include="include\AIP\AudioInputProcessor.h">
      <Filter>Header Files</Filter>
    </ClInclude>
    <ClInclude Include="include\AIP\AudioProvider.h">
      <Filter>Header Files</Filter>
    </ClInclude>
    <ClInclude Include="include\AIP\ESPData.h">
      <Filter>Header Files</Filter>
    </ClInclude>
    <ClInclude Include="include\AIP\Initiator.h">
      <Filter>Header Files</Filter>
    </ClInclude>
    <ClInclude Include="include\Alerts\Renderer\Renderer.h">
      <Filter>Header Files</Filter>
    </ClInclude>
    <ClInclude Include="include\Alerts\Renderer\RendererInterface.h">
      <Filter>Header Files</Filter>
    </ClInclude>
    <ClInclude Include="include\Alerts\Renderer\RendererObserverInterface.h">
      <Filter>Header Files</Filter>
    </ClInclude>
    <ClInclude Include="include\Alerts\Storage\AlertStorageInterface.h">
      <Filter>Header Files</Filter>
    </ClInclude>
    <ClInclude Include="include\Alerts\Storage\SQLiteAlertStorage.h">
      <Filter>Header Files</Filter>
    </ClInclude>
    <ClInclude Include="include\Alerts\Alarm.h">
      <Filter>Header Files</Filter>
    </ClInclude>
    <ClInclude Include="include\Alerts\Alert.h">
      <Filter>Header Files</Filter>
    </ClInclude>
    <ClInclude Include="include\Alerts\AlertObserverInterface.h">
      <Filter>Header Files</Filter>
    </ClInclude>
    <ClInclude Include="include\Alerts\AlertsCapabilityAgent.h">
      <Filter>Header Files</Filter>
    </ClInclude>
    <ClInclude Include="include\Alerts\AlertScheduler.h">
      <Filter>Header Files</Filter>
    </ClInclude>
    <ClInclude Include="include\Alerts\Reminder.h">
      <Filter>Header Files</Filter>
    </ClInclude>
    <ClInclude Include="include\Alerts\Timer.h">
      <Filter>Header Files</Filter>
    </ClInclude>
    <ClInclude Include="include\AndroidSLESMediaPlayer\AndroidSLESMediaPlayer.h">
      <Filter>Header Files</Filter>
    </ClInclude>
    <ClInclude Include="include\AndroidSLESMediaPlayer\AndroidSLESMediaQueue.h">
      <Filter>Header Files</Filter>
    </ClInclude>
    <ClInclude Include="include\AndroidSLESMediaPlayer\AndroidSLESSpeaker.h">
      <Filter>Header Files</Filter>
    </ClInclude>
    <ClInclude Include="include\AndroidSLESMediaPlayer\DecoderInterface.h">
      <Filter>Header Files</Filter>
    </ClInclude>
    <ClInclude Include="include\AndroidSLESMediaPlayer\FFmpegAttachmentInputController.h">
      <Filter>Header Files</Filter>
    </ClInclude>
    <ClInclude Include="include\AndroidSLESMediaPlayer\FFmpegDecoder.h">
      <Filter>Header Files</Filter>
    </ClInclude>
    <ClInclude Include="include\AndroidSLESMediaPlayer\FFmpegDeleter.h">
      <Filter>Header Files</Filter>
    </ClInclude>
    <ClInclude Include="include\AndroidSLESMediaPlayer\FFmpegInputControllerInterface.h">
      <Filter>Header Files</Filter>
    </ClInclude>
    <ClInclude Include="include\AndroidSLESMediaPlayer\FFmpegStreamInputController.h">
      <Filter>Header Files</Filter>
    </ClInclude>
    <ClInclude Include="include\AndroidSLESMediaPlayer\FFmpegUrlInputController.h">
      <Filter>Header Files</Filter>
    </ClInclude>
    <ClInclude Include="include\AndroidSLESMediaPlayer\PlaybackConfiguration.h">
      <Filter>Header Files</Filter>
    </ClInclude>
    <ClInclude Include="include\AndroidUtilities\AndroidLogger.h">
      <Filter>Header Files</Filter>
    </ClInclude>
    <ClInclude Include="include\AndroidUtilities\AndroidSLESBufferQueue.h">
      <Filter>Header Files</Filter>
    </ClInclude>
    <ClInclude Include="include\AndroidUtilities\AndroidSLESEngine.h">
      <Filter>Header Files</Filter>
    </ClInclude>
    <ClInclude Include="include\AndroidUtilities\AndroidSLESMicrophone.h">
      <Filter>Header Files</Filter>
    </ClInclude>
    <ClInclude Include="include\AndroidUtilities\AndroidSLESObject.h">
      <Filter>Header Files</Filter>
    </ClInclude>
    <ClInclude Include="include\Audio\Data\med_alerts_notification_01._TTH_.mp3.h">
      <Filter>Header Files</Filter>
    </ClInclude>
    <ClInclude Include="include\Audio\Data\med_system_alerts_melodic_01._TTH_.mp3.h">
      <Filter>Header Files</Filter>
    </ClInclude>
    <ClInclude Include="include\Audio\Data\med_system_alerts_melodic_01_short._TTH_.wav.h">
      <Filter>Header Files</Filter>
    </ClInclude>
    <ClInclude Include="include\Audio\Data\med_system_alerts_melodic_02._TTH_.mp3.h">
      <Filter>Header Files</Filter>
    </ClInclude>
    <ClInclude Include="include\Audio\Data\med_system_alerts_melodic_02_short._TTH_.wav.h">
      <Filter>Header Files</Filter>
    </ClInclude>
    <ClInclude Include="include\Audio\Data\system_comm_call_connected_.mp3.h">
      <Filter>Header Files</Filter>
    </ClInclude>
    <ClInclude Include="include\Audio\Data\system_comm_call_disconnected_.mp3.h">
      <Filter>Header Files</Filter>
    </ClInclude>
    <ClInclude Include="include\Audio\Data\system_comm_call_incoming_ringtone_intro_.mp3.h">
      <Filter>Header Files</Filter>
    </ClInclude>
    <ClInclude Include="include\Audio\Data\system_comm_drop_in_connected_.mp3.h">
      <Filter>Header Files</Filter>
    </ClInclude>
    <ClInclude Include="include\Audio\Data\system_comm_outbound_ringtone_.mp3.h">
      <Filter>Header Files</Filter>
    </ClInclude>
    <ClInclude Include="include\Audio\AlertsAudioFactory.h">
      <Filter>Header Files</Filter>
    </ClInclude>
    <ClInclude Include="include\Audio\AudioFactory.h">
      <Filter>Header Files</Filter>
    </ClInclude>
    <ClInclude Include="include\Audio\CommunicationsAudioFactory.h">
      <Filter>Header Files</Filter>
    </ClInclude>
    <ClInclude Include="include\Audio\MicrophoneInterface.h">
      <Filter>Header Files</Filter>
    </ClInclude>
    <ClInclude Include="include\Audio\NotificationsAudioFactory.h">
      <Filter>Header Files</Filter>
    </ClInclude>
    <ClInclude Include="include\AudioPlayer\AudioItem.h">
      <Filter>Header Files</Filter>
    </ClInclude>
    <ClInclude Include="include\AudioPlayer\AudioPlayer.h">
      <Filter>Header Files</Filter>
    </ClInclude>
    <ClInclude Include="include\AudioPlayer\ClearBehavior.h">
      <Filter>Header Files</Filter>
    </ClInclude>
    <ClInclude Include="include\AudioPlayer\ErrorType.h">
      <Filter>Header Files</Filter>
    </ClInclude>
    <ClInclude Include="include\AudioPlayer\PlayBehavior.h">
      <Filter>Header Files</Filter>
    </ClInclude>
    <ClInclude Include="include\AudioPlayer\ProgressTimer.h">
      <Filter>Header Files</Filter>
    </ClInclude>
    <ClInclude Include="include\AudioPlayer\StreamFormat.h">
      <Filter>Header Files</Filter>
    </ClInclude>
    <ClInclude Include="include\AVSCommon\AVS\Attachment\Attachment.h">
      <Filter>Header Files</Filter>
    </ClInclude>
    <ClInclude Include="include\AVSCommon\AVS\Attachment\AttachmentManager.h">
      <Filter>Header Files</Filter>
    </ClInclude>
    <ClInclude Include="include\AVSCommon\AVS\Attachment\AttachmentManagerInterface.h">
      <Filter>Header Files</Filter>
    </ClInclude>
    <ClInclude Include="include\AVSCommon\AVS\Attachment\AttachmentReader.h">
      <Filter>Header Files</Filter>
    </ClInclude>
    <ClInclude Include="include\AVSCommon\AVS\Attachment\AttachmentUtils.h">
      <Filter>Header Files</Filter>
    </ClInclude>
    <ClInclude Include="include\AVSCommon\AVS\Attachment\AttachmentWriter.h">
      <Filter>Header Files</Filter>
    </ClInclude>
    <ClInclude Include="include\AVSCommon\AVS\Attachment\InProcessAttachment.h">
      <Filter>Header Files</Filter>
    </ClInclude>
    <ClInclude Include="include\AVSCommon\AVS\Attachment\InProcessAttachmentReader.h">
      <Filter>Header Files</Filter>
    </ClInclude>
    <ClInclude Include="include\AVSCommon\AVS\Attachment\InProcessAttachmentWriter.h">
      <Filter>Header Files</Filter>
    </ClInclude>
    <ClInclude Include="include\AVSCommon\AVS\ExternalMediaPlayer\AdapterUtils.h">
      <Filter>Header Files</Filter>
    </ClInclude>
    <ClInclude Include="include\AVSCommon\AVS\ExternalMediaPlayer\ExternalMediaAdapterConstants.h">
      <Filter>Header Files</Filter>
    </ClInclude>
    <ClInclude Include="include\AVSCommon\AVS\Initialization\AlexaClientSDKInit.h">
      <Filter>Header Files</Filter>
    </ClInclude>
    <ClInclude Include="include\AVSCommon\AVS\SpeakerConstants\SpeakerConstants.h">
      <Filter>Header Files</Filter>
    </ClInclude>
    <ClInclude Include="include\AVSCommon\AVS\AbstractAVSConnectionManager.h">
      <Filter>Header Files</Filter>
    </ClInclude>
    <ClInclude Include="include\AVSCommon\AVS\AudioInputStream.h">
      <Filter>Header Files</Filter>
    </ClInclude>
    <ClInclude Include="include\AVSCommon\AVS\AVSDirective.h">
      <Filter>Header Files</Filter>
    </ClInclude>
    <ClInclude Include="include\AVSCommon\AVS\AVSMessage.h">
      <Filter>Header Files</Filter>
    </ClInclude>
    <ClInclude Include="include\AVSCommon\AVS\AVSMessageHeader.h">
      <Filter>Header Files</Filter>
    </ClInclude>
    <ClInclude Include="include\AVSCommon\AVS\BlockingPolicy.h">
      <Filter>Header Files</Filter>
    </ClInclude>
    <ClInclude Include="include\AVSCommon\AVS\CapabilityAgent.h">
      <Filter>Header Files</Filter>
    </ClInclude>
    <ClInclude Include="include\AVSCommon\AVS\CapabilityConfiguration.h">
      <Filter>Header Files</Filter>
    </ClInclude>
    <ClInclude Include="include\AVSCommon\AVS\DialogUXStateAggregator.h">
      <Filter>Header Files</Filter>
    </ClInclude>
    <ClInclude Include="include\AVSCommon\AVS\DirectiveHandlerConfiguration.h">
      <Filter>Header Files</Filter>
    </ClInclude>
    <ClInclude Include="include\AVSCommon\AVS\EventBuilder.h">
      <Filter>Header Files</Filter>
    </ClInclude>
    <ClInclude Include="include\AVSCommon\AVS\ExceptionEncounteredSender.h">
      <Filter>Header Files</Filter>
    </ClInclude>
    <ClInclude Include="include\AVSCommon\AVS\ExceptionErrorType.h">
      <Filter>Header Files</Filter>
    </ClInclude>
    <ClInclude Include="include\AVSCommon\AVS\FocusState.h">
      <Filter>Header Files</Filter>
    </ClInclude>
    <ClInclude Include="include\AVSCommon\AVS\HandlerAndPolicy.h">
      <Filter>Header Files</Filter>
    </ClInclude>
    <ClInclude Include="include\AVSCommon\AVS\IndicatorState.h">
      <Filter>Header Files</Filter>
    </ClInclude>
    <ClInclude Include="include\AVSCommon\AVS\MessageRequest.h">
      <Filter>Header Files</Filter>
    </ClInclude>
    <ClInclude Include="include\AVSCommon\AVS\NamespaceAndName.h">
      <Filter>Header Files</Filter>
    </ClInclude>
    <ClInclude Include="include\AVSCommon\AVS\PlaybackButtons.h">
      <Filter>Header Files</Filter>
    </ClInclude>
    <ClInclude Include="include\AVSCommon\AVS\PlayerActivity.h">
      <Filter>Header Files</Filter>
    </ClInclude>
    <ClInclude Include="include\AVSCommon\AVS\Requester.h">
      <Filter>Header Files</Filter>
    </ClInclude>
    <ClInclude Include="include\AVSCommon\AVS\StateRefreshPolicy.h">
      <Filter>Header Files</Filter>
    </ClInclude>
    <ClInclude Include="include\Bluetooth\Bluetooth.h">
      <Filter>Header Files</Filter>
    </ClInclude>
    <ClInclude Include="include\Bluetooth\BluetoothAVRCPTransformer.h">
      <Filter>Header Files</Filter>
    </ClInclude>
    <ClInclude Include="include\Bluetooth\BluetoothStorageInterface.h">
      <Filter>Header Files</Filter>
    </ClInclude>
    <ClInclude Include="include\Bluetooth\SQLiteBluetoothStorage.h">
      <Filter>Header Files</Filter>
    </ClInclude>
    <ClInclude Include="include\BlueZ\BlueZA2DPSink.h">
      <Filter>Header Files</Filter>
    </ClInclude>
    <ClInclude Include="include\BlueZ\BlueZA2DPSource.h">
      <Filter>Header Files</Filter>
    </ClInclude>
    <ClInclude Include="include\BlueZ\BlueZAVRCPController.h">
      <Filter>Header Files</Filter>
    </ClInclude>
    <ClInclude Include="include\BlueZ\BlueZAVRCPTarget.h">
      <Filter>Header Files</Filter>
    </ClInclude>
    <ClInclude Include="include\BlueZ\BlueZBluetoothDevice.h">
      <Filter>Header Files</Filter>
    </ClInclude>
    <ClInclude Include="include\BlueZ\BlueZBluetoothDeviceManager.h">
      <Filter>Header Files</Filter>
    </ClInclude>
    <ClInclude Include="include\BlueZ\BlueZConstants.h">
      <Filter>Header Files</Filter>
    </ClInclude>
    <ClInclude Include="include\BlueZ\BlueZDeviceManager.h">
      <Filter>Header Files</Filter>
    </ClInclude>
    <ClInclude Include="include\BlueZ\BlueZHostController.h">
      <Filter>Header Files</Filter>
    </ClInclude>
    <ClInclude Include="include\BlueZ\BlueZUtils.h">
      <Filter>Header Files</Filter>
    </ClInclude>
    <ClInclude Include="include\BlueZ\DBusConnection.h">
      <Filter>Header Files</Filter>
    </ClInclude>
    <ClInclude Include="include\BlueZ\DBusObject.h">
      <Filter>Header Files</Filter>
    </ClInclude>
    <ClInclude Include="include\BlueZ\DBusObjectBase.h">
      <Filter>Header Files</Filter>
    </ClInclude>
    <ClInclude Include="include\BlueZ\DBusPropertiesProxy.h">
      <Filter>Header Files</Filter>
    </ClInclude>
    <ClInclude Include="include\BlueZ\DBusProxy.h">
      <Filter>Header Files</Filter>
    </ClInclude>
    <ClInclude Include="include\BlueZ\GVariantMapReader.h">
      <Filter>Header Files</Filter>
    </ClInclude>
    <ClInclude Include="include\BlueZ\GVariantTupleReader.h">
      <Filter>Header Files</Filter>
    </ClInclude>
    <ClInclude Include="include\BlueZ\ManagedGError.h">
      <Filter>Header Files</Filter>
    </ClInclude>
    <ClInclude Include="include\BlueZ\ManagedGVariant.h">
      <Filter>Header Files</Filter>
    </ClInclude>
    <ClInclude Include="include\BlueZ\MediaContext.h">
      <Filter>Header Files</Filter>
    </ClInclude>
    <ClInclude Include="include\BlueZ\MediaEndpoint.h">
      <Filter>Header Files</Filter>
    </ClInclude>
    <ClInclude Include="include\BlueZ\MPRISPlayer.h">
      <Filter>Header Files</Filter>
    </ClInclude>
    <ClInclude Include="include\BlueZ\PairingAgent.h">
      <Filter>Header Files</Filter>
    </ClInclude>
    <ClInclude Include="include\BlueZ\PulseAudioBluetoothInitializer.h">
      <Filter>Header Files</Filter>
    </ClInclude>
    <ClInclude Include="include\CapabilitiesDelegate\CapabilitiesDelegate.h">
      <Filter>Header Files</Filter>
    </ClInclude>
    <ClInclude Include="include\CBLAuthDelegate\CBLAuthDelegate.h">
      <Filter>Header Files</Filter>
    </ClInclude>
    <ClInclude Include="include\CBLAuthDelegate\CBLAuthDelegateConfiguration.h">
      <Filter>Header Files</Filter>
    </ClInclude>
    <ClInclude Include="include\CBLAuthDelegate\CBLAuthDelegateStorageInterface.h">
      <Filter>Header Files</Filter>
    </ClInclude>
    <ClInclude Include="include\CBLAuthDelegate\CBLAuthRequesterInterface.h">
      <Filter>Header Files</Filter>
    </ClInclude>
    <ClInclude Include="include\CBLAuthDelegate\SQLiteCBLAuthDelegateStorage.h">
      <Filter>Header Files</Filter>
    </ClInclude>
    <ClInclude Include="include\CertifiedSender\CertifiedSender.h">
      <Filter>Header Files</Filter>
    </ClInclude>
    <ClInclude Include="include\CertifiedSender\MessageStorageInterface.h">
      <Filter>Header Files</Filter>
    </ClInclude>
    <ClInclude Include="include\CertifiedSender\SQLiteMessageStorage.h">
      <Filter>Header Files</Filter>
    </ClInclude>
    <ClInclude Include="include\ContextManager\ContextManager.h">
      <Filter>Header Files</Filter>
    </ClInclude>
    <ClInclude Include="include\DefaultClient\DefaultClient.h">
      <Filter>Header Files</Filter>
    </ClInclude>
    <ClInclude Include="include\DefaultClient\EqualizerRuntimeSetup.h">
      <Filter>Header Files</Filter>
    </ClInclude>
    <ClInclude Include="include\DoNotDisturbCA\DNDMessageRequest.h">
      <Filter>Header Files</Filter>
    </ClInclude>
    <ClInclude Include="include\DoNotDisturbCA\DNDSettingProtocol.h">
      <Filter>Header Files</Filter>
    </ClInclude>
    <ClInclude Include="include\DoNotDisturbCA\DoNotDisturbCapabilityAgent.h">
      <Filter>Header Files</Filter>
    </ClInclude>
    <ClInclude Include="include\Equalizer\EqualizerCapabilityAgent.h">
      <Filter>Header Files</Filter>
    </ClInclude>
    <ClInclude Include="include\EqualizerImplementations\EqualizerBandMapperInterface.h">
      <Filter>Header Files</Filter>
    </ClInclude>
    <ClInclude Include="include\EqualizerImplementations\EqualizerController.h">
      <Filter>Header Files</Filter>
    </ClInclude>
    <ClInclude Include="include\EqualizerImplementations\EqualizerLinearBandMapper.h">
      <Filter>Header Files</Filter>
    </ClInclude>
    <ClInclude Include="include\EqualizerImplementations\EqualizerUtils.h">
      <Filter>Header Files</Filter>
    </ClInclude>
    <ClInclude Include="include\EqualizerImplementations\InMemoryEqualizerConfiguration.h">
      <Filter>Header Files</Filter>
    </ClInclude>
    <ClInclude Include="include\EqualizerImplementations\MiscDBEqualizerStorage.h">
      <Filter>Header Files</Filter>
    </ClInclude>
    <ClInclude Include="include\EqualizerImplementations\SDKConfigEqualizerConfiguration.h">
      <Filter>Header Files</Filter>
    </ClInclude>
    <ClInclude Include="include\ESP\DummyESPDataProvider.h">
      <Filter>Header Files</Filter>
    </ClInclude>
    <ClInclude Include="include\ESP\ESPDataModifierInterface.h">
      <Filter>Header Files</Filter>
    </ClInclude>
    <ClInclude Include="include\ESP\ESPDataProvider.h">
      <Filter>Header Files</Filter>
    </ClInclude>
    <ClInclude Include="include\ESP\ESPDataProviderInterface.h">
      <Filter>Header Files</Filter>
    </ClInclude>
    <ClInclude Include="include\ExternalMediaPlayer\ExternalMediaPlayer.h">
      <Filter>Header Files</Filter>
    </ClInclude>
    <ClInclude Include="include\gmock\internal\custom\gmock-generated-actions.h">
      <Filter>Header Files</Filter>
    </ClInclude>
    <ClInclude Include="include\gmock\internal\custom\gmock-matchers.h">
      <Filter>Header Files</Filter>
    </ClInclude>
    <ClInclude Include="include\gmock\internal\custom\gmock-port.h">
      <Filter>Header Files</Filter>
    </ClInclude>
    <ClInclude Include="include\gmock\internal\gmock-generated-internal-utils.h">
      <Filter>Header Files</Filter>
    </ClInclude>
    <ClInclude Include="include\gmock\internal\gmock-internal-utils.h">
      <Filter>Header Files</Filter>
    </ClInclude>
    <ClInclude Include="include\gmock\internal\gmock-port.h">
      <Filter>Header Files</Filter>
    </ClInclude>
    <ClInclude Include="include\gmock\gmock.h">
      <Filter>Header Files</Filter>
    </ClInclude>
    <ClInclude Include="include\gmock\gmock-actions.h">
      <Filter>Header Files</Filter>
    </ClInclude>
    <ClInclude Include="include\gmock\gmock-cardinalities.h">
      <Filter>Header Files</Filter>
    </ClInclude>
    <ClInclude Include="include\gmock\gmock-generated-actions.h">
      <Filter>Header Files</Filter>
    </ClInclude>
    <ClInclude Include="include\gmock\gmock-generated-function-mockers.h">
      <Filter>Header Files</Filter>
    </ClInclude>
    <ClInclude Include="include\gmock\gmock-generated-matchers.h">
      <Filter>Header Files</Filter>
    </ClInclude>
    <ClInclude Include="include\gmock\gmock-generated-nice-strict.h">
      <Filter>Header Files</Filter>
    </ClInclude>
    <ClInclude Include="include\gmock\gmock-matchers.h">
      <Filter>Header Files</Filter>
    </ClInclude>
    <ClInclude Include="include\gmock\gmock-more-actions.h">
      <Filter>Header Files</Filter>
    </ClInclude>
    <ClInclude Include="include\gmock\gmock-more-matchers.h">
      <Filter>Header Files</Filter>
    </ClInclude>
    <ClInclude Include="include\gmock\gmock-spec-builders.h">
      <Filter>Header Files</Filter>
    </ClInclude>
    <ClInclude Include="include\gtest\internal\custom\gtest.h">
      <Filter>Header Files</Filter>
    </ClInclude>
    <ClInclude Include="include\gtest\internal\custom\gtest-port.h">
      <Filter>Header Files</Filter>
    </ClInclude>
    <ClInclude Include="include\gtest\internal\custom\gtest-printers.h">
      <Filter>Header Files</Filter>
    </ClInclude>
    <ClInclude Include="include\gtest\internal\gtest-death-test-internal.h">
      <Filter>Header Files</Filter>
    </ClInclude>
    <ClInclude Include="include\gtest\internal\gtest-filepath.h">
      <Filter>Header Files</Filter>
    </ClInclude>
    <ClInclude Include="include\gtest\internal\gtest-internal.h">
      <Filter>Header Files</Filter>
    </ClInclude>
    <ClInclude Include="include\gtest\internal\gtest-linked_ptr.h">
      <Filter>Header Files</Filter>
    </ClInclude>
    <ClInclude Include="include\gtest\internal\gtest-param-util.h">
      <Filter>Header Files</Filter>
    </ClInclude>
    <ClInclude Include="include\gtest\internal\gtest-param-util-generated.h">
      <Filter>Header Files</Filter>
    </ClInclude>
    <ClInclude Include="include\gtest\internal\gtest-port.h">
      <Filter>Header Files</Filter>
    </ClInclude>
    <ClInclude Include="include\gtest\internal\gtest-port-arch.h">
      <Filter>Header Files</Filter>
    </ClInclude>
    <ClInclude Include="include\gtest\internal\gtest-string.h">
      <Filter>Header Files</Filter>
    </ClInclude>
    <ClInclude Include="include\gtest\internal\gtest-tuple.h">
      <Filter>Header Files</Filter>
    </ClInclude>
    <ClInclude Include="include\gtest\internal\gtest-type-util.h">
      <Filter>Header Files</Filter>
    </ClInclude>
    <ClInclude Include="include\gtest\gtest.h">
      <Filter>Header Files</Filter>
    </ClInclude>
    <ClInclude Include="include\gtest\gtest_pred_impl.h">
      <Filter>Header Files</Filter>
    </ClInclude>
    <ClInclude Include="include\gtest\gtest_prod.h">
      <Filter>Header Files</Filter>
    </ClInclude>
    <ClInclude Include="include\gtest\gtest-death-test.h">
      <Filter>Header Files</Filter>
    </ClInclude>
    <ClInclude Include="include\gtest\gtest-message.h">
      <Filter>Header Files</Filter>
    </ClInclude>
    <ClInclude Include="include\gtest\gtest-param-test.h">
      <Filter>Header Files</Filter>
    </ClInclude>
    <ClInclude Include="include\gtest\gtest-printers.h">
      <Filter>Header Files</Filter>
    </ClInclude>
    <ClInclude Include="include\gtest\gtest-spi.h">
      <Filter>Header Files</Filter>
    </ClInclude>
    <ClInclude Include="include\gtest\gtest-test-part.h">
      <Filter>Header Files</Filter>
    </ClInclude>
    <ClInclude Include="include\gtest\gtest-typed-test.h">
      <Filter>Header Files</Filter>
    </ClInclude>
    <ClInclude Include="include\Integration\ACLTestContext.h">
      <Filter>Header Files</Filter>
    </ClInclude>
    <ClInclude Include="include\Integration\AipStateObserver.h">
      <Filter>Header Files</Filter>
    </ClInclude>
    <ClInclude Include="include\Integration\AuthDelegateTestContext.h">
      <Filter>Header Files</Filter>
    </ClInclude>
    <ClInclude Include="include\Integration\AuthObserver.h">
      <Filter>Header Files</Filter>
    </ClInclude>
    <ClInclude Include="include\Integration\ClientMessageHandler.h">
      <Filter>Header Files</Filter>
    </ClInclude>
    <ClInclude Include="include\Integration\ConnectionStatusObserver.h">
      <Filter>Header Files</Filter>
    </ClInclude>
    <ClInclude Include="include\Integration\JsonHeader.h">
      <Filter>Header Files</Filter>
    </ClInclude>
    <ClInclude Include="include\Integration\ObservableMessageRequest.h">
      <Filter>Header Files</Filter>
    </ClInclude>
    <ClInclude Include="include\Integration\SDKTestContext.h">
      <Filter>Header Files</Filter>
    </ClInclude>
    <ClInclude Include="include\Integration\TestAlertObserver.h">
      <Filter>Header Files</Filter>
    </ClInclude>
    <ClInclude Include="include\Integration\TestDirectiveHandler.h">
      <Filter>Header Files</Filter>
    </ClInclude>
    <ClInclude Include="include\Integration\TestExceptionEncounteredSender.h">
      <Filter>Header Files</Filter>
    </ClInclude>
    <ClInclude Include="include\Integration\TestMediaPlayer.h">
      <Filter>Header Files</Filter>
    </ClInclude>
    <ClInclude Include="include\Integration\TestMessageSender.h">
      <Filter>Header Files</Filter>
    </ClInclude>
    <ClInclude Include="include\Integration\TestSpeechSynthesizerObserver.h">
      <Filter>Header Files</Filter>
    </ClInclude>
    <ClInclude Include="include\InteractionModel\InteractionModelCapabilityAgent.h">
      <Filter>Header Files</Filter>
    </ClInclude>
    <ClInclude Include="include\KittAi\KittAiKeyWordDetector.h">
      <Filter>Header Files</Filter>
    </ClInclude>
    <ClInclude Include="include\KittAi\SnowboyWrapper.h">
      <Filter>Header Files</Filter>
    </ClInclude>
    <ClInclude Include="include\KWD\AbstractKeywordDetector.h">
      <Filter>Header Files</Filter>
    </ClInclude>
    <ClInclude Include="include\KWDProvider\KeywordDetectorProvider.h">
      <Filter>Header Files</Filter>
    </ClInclude>
    <ClInclude Include="include\MediaPlayer\AttachmentReaderSource.h">
      <Filter>Header Files</Filter>
    </ClInclude>
    <ClInclude Include="include\MediaPlayer\BaseStreamSource.h">
      <Filter>Header Files</Filter>
    </ClInclude>
    <ClInclude Include="include\MediaPlayer\ErrorTypeConversion.h">
      <Filter>Header Files</Filter>
    </ClInclude>
    <ClInclude Include="include\MediaPlayer\IStreamSource.h">
      <Filter>Header Files</Filter>
    </ClInclude>
    <ClInclude Include="include\MediaPlayer\MediaPlayer.h">
      <Filter>Header Files</Filter>
    </ClInclude>
    <ClInclude Include="include\MediaPlayer\Normalizer.h">
      <Filter>Header Files</Filter>
    </ClInclude>
    <ClInclude Include="include\MediaPlayer\OffsetManager.h">
      <Filter>Header Files</Filter>
    </ClInclude>
    <ClInclude Include="include\MediaPlayer\PipelineInterface.h">
      <Filter>Header Files</Filter>
    </ClInclude>
    <ClInclude Include="include\MediaPlayer\SourceInterface.h">
      <Filter>Header Files</Filter>
    </ClInclude>
    <ClInclude Include="include\MRM\MRMCapabilityAgent.h">
      <Filter>Header Files</Filter>
    </ClInclude>
    <ClInclude Include="include\MRM\MRMHandlerInterface.h">
      <Filter>Header Files</Filter>
    </ClInclude>
    <ClInclude Include="include\Notifications\IndicatorState.h">
      <Filter>Header Files</Filter>
    </ClInclude>
    <ClInclude Include="include\Notifications\NotificationIndicator.h">
      <Filter>Header Files</Filter>
    </ClInclude>
    <ClInclude Include="include\Notifications\NotificationRenderer.h">
      <Filter>Header Files</Filter>
    </ClInclude>
    <ClInclude Include="include\Notifications\NotificationRendererInterface.h">
      <Filter>Header Files</Filter>
    </ClInclude>
    <ClInclude Include="include\Notifications\NotificationRendererObserverInterface.h">
      <Filter>Header Files</Filter>
    </ClInclude>
    <ClInclude Include="include\Notifications\NotificationsCapabilityAgent.h">
      <Filter>Header Files</Filter>
    </ClInclude>
    <ClInclude Include="include\Notifications\NotificationsCapabilityAgentState.h">
      <Filter>Header Files</Filter>
    </ClInclude>
    <ClInclude Include="include\Notifications\NotificationsStorageInterface.h">
      <Filter>Header Files</Filter>
    </ClInclude>
    <ClInclude Include="include\Notifications\SQLiteNotificationsStorage.h">
      <Filter>Header Files</Filter>
    </ClInclude>
    <ClInclude Include="include\PlaybackController\PlaybackCommand.h">
      <Filter>Header Files</Filter>
    </ClInclude>
    <ClInclude Include="include\PlaybackController\PlaybackController.h">
      <Filter>Header Files</Filter>
    </ClInclude>
    <ClInclude Include="include\PlaybackController\PlaybackMessageRequest.h">
      <Filter>Header Files</Filter>
    </ClInclude>
    <ClInclude Include="include\PlaybackController\PlaybackRouter.h">
      <Filter>Header Files</Filter>
    </ClInclude>
    <ClInclude Include="include\PlaylistParser\ContentDecrypter.h">
      <Filter>Header Files</Filter>
    </ClInclude>
    <ClInclude Include="include\PlaylistParser\FFMpegInputBuffer.h">
      <Filter>Header Files</Filter>
    </ClInclude>
    <ClInclude Include="include\PlaylistParser\IterativePlaylistParser.h">
      <Filter>Header Files</Filter>
    </ClInclude>
    <ClInclude Include="include\PlaylistParser\M3UParser.h">
      <Filter>Header Files</Filter>
    </ClInclude>
    <ClInclude Include="include\PlaylistParser\PlaylistParser.h">
      <Filter>Header Files</Filter>
    </ClInclude>
    <ClInclude Include="include\PlaylistParser\PlaylistUtils.h">
      <Filter>Header Files</Filter>
    </ClInclude>
    <ClInclude Include="include\PlaylistParser\UrlContentToAttachmentConverter.h">
      <Filter>Header Files</Filter>
    </ClInclude>
    <ClInclude Include="include\rapidjson\error\en.h">
      <Filter>Header Files</Filter>
    </ClInclude>
    <ClInclude Include="include\rapidjson\error\error.h">
      <Filter>Header Files</Filter>
    </ClInclude>
    <ClInclude Include="include\rapidjson\internal\biginteger.h">
      <Filter>Header Files</Filter>
    </ClInclude>
    <ClInclude Include="include\rapidjson\internal\diyfp.h">
      <Filter>Header Files</Filter>
    </ClInclude>
    <ClInclude Include="include\rapidjson\internal\dtoa.h">
      <Filter>Header Files</Filter>
    </ClInclude>
    <ClInclude Include="include\rapidjson\internal\ieee754.h">
      <Filter>Header Files</Filter>
    </ClInclude>
    <ClInclude Include="include\rapidjson\internal\itoa.h">
      <Filter>Header Files</Filter>
    </ClInclude>
    <ClInclude Include="include\rapidjson\internal\meta.h">
      <Filter>Header Files</Filter>
    </ClInclude>
    <ClInclude Include="include\rapidjson\internal\pow10.h">
      <Filter>Header Files</Filter>
    </ClInclude>
    <ClInclude Include="include\rapidjson\internal\regex.h">
      <Filter>Header Files</Filter>
    </ClInclude>
    <ClInclude Include="include\rapidjson\internal\stack.h">
      <Filter>Header Files</Filter>
    </ClInclude>
    <ClInclude Include="include\rapidjson\internal\strfunc.h">
      <Filter>Header Files</Filter>
    </ClInclude>
    <ClInclude Include="include\rapidjson\internal\strtod.h">
      <Filter>Header Files</Filter>
    </ClInclude>
    <ClInclude Include="include\rapidjson\internal\swap.h">
      <Filter>Header Files</Filter>
    </ClInclude>
    <ClInclude Include="include\rapidjson\msinttypes\inttypes.h">
      <Filter>Header Files</Filter>
    </ClInclude>
    <ClInclude Include="include\rapidjson\msinttypes\stdint.h">
      <Filter>Header Files</Filter>
    </ClInclude>
    <ClInclude Include="include\rapidjson\allocators.h">
      <Filter>Header Files</Filter>
    </ClInclude>
    <ClInclude Include="include\rapidjson\document.h">
      <Filter>Header Files</Filter>
    </ClInclude>
    <ClInclude Include="include\rapidjson\encodedstream.h">
      <Filter>Header Files</Filter>
    </ClInclude>
    <ClInclude Include="include\rapidjson\encodings.h">
      <Filter>Header Files</Filter>
    </ClInclude>
    <ClInclude Include="include\rapidjson\filereadstream.h">
      <Filter>Header Files</Filter>
    </ClInclude>
    <ClInclude Include="include\rapidjson\filewritestream.h">
      <Filter>Header Files</Filter>
    </ClInclude>
    <ClInclude Include="include\rapidjson\fwd.h">
      <Filter>Header Files</Filter>
    </ClInclude>
    <ClInclude Include="include\rapidjson\istreamwrapper.h">
      <Filter>Header Files</Filter>
    </ClInclude>
    <ClInclude Include="include\rapidjson\memorybuffer.h">
      <Filter>Header Files</Filter>
    </ClInclude>
    <ClInclude Include="include\rapidjson\memorystream.h">
      <Filter>Header Files</Filter>
    </ClInclude>
    <ClInclude Include="include\rapidjson\ostreamwrapper.h">
      <Filter>Header Files</Filter>
    </ClInclude>
    <ClInclude Include="include\rapidjson\pointer.h">
      <Filter>Header Files</Filter>
    </ClInclude>
    <ClInclude Include="include\rapidjson\prettywriter.h">
      <Filter>Header Files</Filter>
    </ClInclude>
    <ClInclude Include="include\rapidjson\rapidjson.h">
      <Filter>Header Files</Filter>
    </ClInclude>
    <ClInclude Include="include\rapidjson\reader.h">
      <Filter>Header Files</Filter>
    </ClInclude>
    <ClInclude Include="include\rapidjson\schema.h">
      <Filter>Header Files</Filter>
    </ClInclude>
    <ClInclude Include="include\rapidjson\stream.h">
      <Filter>Header Files</Filter>
    </ClInclude>
    <ClInclude Include="include\rapidjson\stringbuffer.h">
      <Filter>Header Files</Filter>
    </ClInclude>
    <ClInclude Include="include\rapidjson\writer.h">
      <Filter>Header Files</Filter>
    </ClInclude>
    <ClInclude Include="include\RegistrationManager\CustomerDataHandler.h">
      <Filter>Header Files</Filter>
    </ClInclude>
    <ClInclude Include="include\RegistrationManager\CustomerDataManager.h">
      <Filter>Header Files</Filter>
    </ClInclude>
    <ClInclude Include="include\RegistrationManager\RegistrationManager.h">
      <Filter>Header Files</Filter>
    </ClInclude>
    <ClInclude Include="include\RegistrationManager\RegistrationObserverInterface.h">
      <Filter>Header Files</Filter>
    </ClInclude>
    <ClInclude Include="include\SampleApp\ConnectionObserver.h">
      <Filter>Header Files</Filter>
    </ClInclude>
    <ClInclude Include="include\SampleApp\ConsolePrinter.h">
      <Filter>Header Files</Filter>
    </ClInclude>
    <ClInclude Include="include\SampleApp\ConsoleReader.h">
      <Filter>Header Files</Filter>
    </ClInclude>
    <ClInclude Include="include\SampleApp\GuiRenderer.h">
      <Filter>Header Files</Filter>
    </ClInclude>
    <ClInclude Include="include\SampleApp\InteractionManager.h">
      <Filter>Header Files</Filter>
    </ClInclude>
    <ClInclude Include="include\SampleApp\KeywordObserver.h">
      <Filter>Header Files</Filter>
    </ClInclude>
    <ClInclude Include="include\SampleApp\PortAudioMicrophoneWrapper.h">
      <Filter>Header Files</Filter>
    </ClInclude>
    <ClInclude Include="include\SampleApp\RevokeAuthorizationObserver.h">
      <Filter>Header Files</Filter>
    </ClInclude>
    <ClInclude Include="include\SampleApp\SampleApplication.h">
      <Filter>Header Files</Filter>
    </ClInclude>
    <ClInclude Include="include\SampleApp\SampleApplicationReturnCodes.h">
      <Filter>Header Files</Filter>
    </ClInclude>
    <ClInclude Include="include\SampleApp\SampleEqualizerModeController.h">
      <Filter>Header Files</Filter>
    </ClInclude>
    <ClInclude Include="include\SampleApp\UIManager.h">
      <Filter>Header Files</Filter>
    </ClInclude>
    <ClInclude Include="include\SampleApp\UserInputManager.h">
      <Filter>Header Files</Filter>
    </ClInclude>
    <ClInclude Include="include\Sensory\SensoryKeywordDetector.h">
      <Filter>Header Files</Filter>
    </ClInclude>
    <ClInclude Include="include\Settings\Settings.h">
      <Filter>Header Files</Filter>
    </ClInclude>
    <ClInclude Include="include\Settings\SettingsStorageInterface.h">
      <Filter>Header Files</Filter>
    </ClInclude>
    <ClInclude Include="include\Settings\SettingsUpdatedEventSender.h">
      <Filter>Header Files</Filter>
    </ClInclude>
    <ClInclude Include="include\Settings\SQLiteSettingStorage.h">
      <Filter>Header Files</Filter>
    </ClInclude>
    <ClInclude Include="include\SpeakerManager\SpeakerManager.h">
      <Filter>Header Files</Filter>
    </ClInclude>
    <ClInclude Include="include\SpeakerManager\SpeakerManagerConstants.h">
      <Filter>Header Files</Filter>
    </ClInclude>
    <ClInclude Include="include\SpeechEncoder\EncoderContext.h">
      <Filter>Header Files</Filter>
    </ClInclude>
    <ClInclude Include="include\SpeechEncoder\SpeechEncoder.h">
      <Filter>Header Files</Filter>
    </ClInclude>
    <ClInclude Include="include\SpeechSynthesizer\SpeechSynthesizer.h">
      <Filter>Header Files</Filter>
    </ClInclude>
    <ClInclude Include="include\SQLiteStorage\SQLiteDatabase.h">
      <Filter>Header Files</Filter>
    </ClInclude>
    <ClInclude Include="include\SQLiteStorage\SQLiteMiscStorage.h">
      <Filter>Header Files</Filter>
    </ClInclude>
    <ClInclude Include="include\SQLiteStorage\SQLiteStatement.h">
      <Filter>Header Files</Filter>
    </ClInclude>
    <ClInclude Include="include\SQLiteStorage\SQLiteUtils.h">
      <Filter>Header Files</Filter>
    </ClInclude>
    <ClInclude Include="include\System\EndpointHandler.h">
      <Filter>Header Files</Filter>
    </ClInclude>
    <ClInclude Include="include\System\RevokeAuthorizationHandler.h">
      <Filter>Header Files</Filter>
    </ClInclude>
    <ClInclude Include="include\System\SoftwareInfoSender.h">
      <Filter>Header Files</Filter>
    </ClInclude>
    <ClInclude Include="include\System\SoftwareInfoSendRequest.h">
      <Filter>Header Files</Filter>
    </ClInclude>
    <ClInclude Include="include\System\SystemCapabilityProvider.h">
      <Filter>Header Files</Filter>
    </ClInclude>
    <ClInclude Include="include\System\UserInactivityMonitor.h">
      <Filter>Header Files</Filter>
    </ClInclude>
    <ClInclude Include="include\TemplateRuntime\TemplateRuntime.h">
      <Filter>Header Files</Filter>
    </ClInclude>
    <ClInclude Include="include\MockDBusProxy.h">
      <Filter>Header Files</Filter>
    </ClInclude>
    <ClInclude Include="myTest.h">
      <Filter>Header Files\Test</Filter>
    </ClInclude>
  </ItemGroup>
  <ItemGroup>
    <ClCompile Include="stdafx.cpp">
      <Filter>Source Files</Filter>
    </ClCompile>
    <ClCompile Include="SampleApp.cpp">
      <Filter>Source Files</Filter>
    </ClCompile>
    <ClCompile Include="main.cpp">
      <Filter>Source Files</Filter>
    </ClCompile>
    <ClCompile Include="SampleApplication.cpp">
      <Filter>Source Files</Filter>
    </ClCompile>
  </ItemGroup>
</Project>